{
  "name": "generative-art-with-javascript-and-svg",
  "version": "1.0.0",
  "lockfileVersion": 2,
  "requires": true,
  "packages": {
    "": {
      "name": "generative-art-with-javascript-and-svg",
      "version": "1.0.0",
      "license": "ISC",
      "dependencies": {
        "svjs": "^0.9.5"
      }
    },
    "node_modules/svjs": {
      "version": "0.9.5",
      "resolved": "https://registry.npmjs.org/svjs/-/svjs-0.9.5.tgz",
      "integrity": "sha512-Wv73nFMIYhm4jpqQqWikO2WXXEwTcx4QDp8y3tsy466P9Or6qt5BO8keKEzE5FHXg0424QpmZSUI0/At3Cqy9g=="
    }
  },
  "dependencies": {
    "svjs": {
      "version": "0.9.5",
      "resolved": "https://registry.npmjs.org/svjs/-/svjs-0.9.5.tgz",
      "integrity": "sha512-Wv73nFMIYhm4jpqQqWikO2WXXEwTcx4QDp8y3tsy466P9Or6qt5BO8keKEzE5FHXg0424QpmZSUI0/At3Cqy9g=="
    }
  }
}
