{
  "name": "generative-art-with-javascript-and-svg",
  "version": "1.0.0",
  "lockfileVersion": 2,
  "requires": true,
  "packages": {
    "": {
      "name": "generative-art-with-javascript-and-svg",
      "version": "1.0.0",
      "license": "ISC",
      "dependencies": {
        "svjs": "^1.0.1"
      }
    },
    "node_modules/svjs": {
      "version": "1.0.1",
      "resolved": "https://registry.npmjs.org/svjs/-/svjs-1.0.1.tgz",
      "integrity": "sha512-BZOTLxklLo2FghhqxGdgVKpIAHRmoQj53kkcuLrP0nHQZSH4fEs5bslhB3d/08X9yL97d1Pz7NdNmeroln7bBQ=="
    }
  },
  "dependencies": {
    "svjs": {
      "version": "1.0.1",
      "resolved": "https://registry.npmjs.org/svjs/-/svjs-1.0.1.tgz",
      "integrity": "sha512-BZOTLxklLo2FghhqxGdgVKpIAHRmoQj53kkcuLrP0nHQZSH4fEs5bslhB3d/08X9yL97d1Pz7NdNmeroln7bBQ=="
    }
  }
}
